{
  "originHash" : "771088a4f89cddba1a59815402abb6f81e09f27d1711368fe4377d361dd7dd18",
  "pins" : [
    {
      "identity" : "sparkle",
      "kind" : "remoteSourceControl",
      "location" : "https://github.com/sparkle-project/Sparkle",
      "state" : {
        "revision" : "79bc9e872948e47877e76f194cb0c8e0412b0b90",
        "version" : "2.9.5"
      }
    },
    {
      "identity" : "whisper.cpp",
      "kind" : "remoteSourceControl",
      "location" : "https://github.com/ggml-org/whisper.cpp",
      "state" : {
        "revision" : "6266a9f9e56a5b925e9892acf650f3eb1245814d"
      }
    }
  ],
  "version" : 3
}
